{
  "name": "boaz-foux.github.io",
  "version": "0.0.0",
  "lockfileVersion": 1,
  "requires": true,
  "dependencies": {
    "esbuild": {
      "version": "0.11.12",
      "resolved": "http://artifactory.int.liveperson.net:80/artifactory/api/npm/lp-npm-virtual/esbuild/-/esbuild-0.11.12.tgz",
      "integrity": "sha1-jL4VvLRCEmJMPnfIlqg1903HHDw=",
      "dev": true
    }
  }
}
